
Microsoft Visual Studio Solution File, Format Version 12.00
# Visual Studio Version 16
VisualStudioVersion = 16.0.29123.88
MinimumVisualStudioVersion = 10.0.40219.1
Project("{FAE04EC0-301F-11D3-BF4B-00C04F79EFBC}") = "TaskVlaknaTest", "TaskVlaknaTest\TaskVlaknaTest.csproj", "{00743F9F-9EFC-4D8F-A40F-E537795E8710}"
EndProject
Global
	GlobalSection(SolutionConfigurationPlatforms) = preSolution
		Debug|Any CPU = Debug|Any CPU
		Release|Any CPU = Release|Any CPU
	EndGlobalSection
	GlobalSection(ProjectConfigurationPlatforms) = postSolution
		{00743F9F-9EFC-4D8F-A40F-E537795E8710}.Debug|Any CPU.ActiveCfg = Debug|Any CPU
		{00743F9F-9EFC-4D8F-A40F-E537795E8710}.Debug|Any CPU.Build.0 = Debug|Any CPU
		{00743F9F-9EFC-4D8F-A40F-E537795E8710}.Release|Any CPU.ActiveCfg = Release|Any CPU
		{00743F9F-9EFC-4D8F-A40F-E537795E8710}.Release|Any CPU.Build.0 = Release|Any CPU
	EndGlobalSection
	GlobalSection(SolutionProperties) = preSolution
		HideSolutionNode = FALSE
	EndGlobalSection
	GlobalSection(ExtensibilityGlobals) = postSolution
		SolutionGuid = {26E4AACB-46C7-4A87-8607-BE8F95E63E99}
	EndGlobalSection
EndGlobal
